
Microsoft Visual Studio Solution File, Format Version 12.00
# Visual Studio Version 17
VisualStudioVersion = 17.4.33110.190
MinimumVisualStudioVersion = 10.0.40219.1
Project("{FAE04EC0-301F-11D3-BF4B-00C04F79EFBC}") = "AlfredHospital.API", "AlfredHospital.API\AlfredHospital.API.csproj", "{58836973-4AEC-475A-A754-B63D8FD2A2AA}"
EndProject
Global
	GlobalSection(SolutionConfigurationPlatforms) = preSolution
		Debug|Any CPU = Debug|Any CPU
		Release|Any CPU = Release|Any CPU
	EndGlobalSection
	GlobalSection(ProjectConfigurationPlatforms) = postSolution
		{58836973-4AEC-475A-A754-B63D8FD2A2AA}.Debug|Any CPU.ActiveCfg = Debug|Any CPU
		{58836973-4AEC-475A-A754-B63D8FD2A2AA}.Debug|Any CPU.Build.0 = Debug|Any CPU
		{58836973-4AEC-475A-A754-B63D8FD2A2AA}.Release|Any CPU.ActiveCfg = Release|Any CPU
		{58836973-4AEC-475A-A754-B63D8FD2A2AA}.Release|Any CPU.Build.0 = Release|Any CPU
	EndGlobalSection
	GlobalSection(SolutionProperties) = preSolution
		HideSolutionNode = FALSE
	EndGlobalSection
	GlobalSection(ExtensibilityGlobals) = postSolution
		SolutionGuid = {C153A9C1-043B-4FA6-AC0F-F3A366AD7D3B}
	EndGlobalSection
EndGlobal
